
Microsoft Visual Studio Solution File, Format Version 12.00
# Visual Studio Version 16
VisualStudioVersion = 16.0.33027.164
MinimumVisualStudioVersion = 10.0.40219.1
Project("{F184B08F-C81C-45F6-A57F-5ABD9991F28F}") = "Enter Marks", "Enter Marks\Enter Marks.vbproj", "{B2D17666-663C-41FB-88E1-6C16B8B36EB8}"
EndProject
Global
	GlobalSection(SolutionConfigurationPlatforms) = preSolution
		Debug|Any CPU = Debug|Any CPU
		Release|Any CPU = Release|Any CPU
	EndGlobalSection
	GlobalSection(ProjectConfigurationPlatforms) = postSolution
		{B2D17666-663C-41FB-88E1-6C16B8B36EB8}.Debug|Any CPU.ActiveCfg = Debug|Any CPU
		{B2D17666-663C-41FB-88E1-6C16B8B36EB8}.Debug|Any CPU.Build.0 = Debug|Any CPU
		{B2D17666-663C-41FB-88E1-6C16B8B36EB8}.Release|Any CPU.ActiveCfg = Release|Any CPU
		{B2D17666-663C-41FB-88E1-6C16B8B36EB8}.Release|Any CPU.Build.0 = Release|Any CPU
	EndGlobalSection
	GlobalSection(SolutionProperties) = preSolution
		HideSolutionNode = FALSE
	EndGlobalSection
	GlobalSection(ExtensibilityGlobals) = postSolution
		SolutionGuid = {6FC259F6-ACCD-4F55-B70B-CCC0A7BE25BC}
	EndGlobalSection
EndGlobal
